dependencies:
- name: postgres
  repository: file://postgres
  version: 0.1.0
- name: redis
  repository: file://redis
  version: 0.1.0
- name: common
  repository: file://../common
  version: 0.0.5
digest: sha256:3d0b6aaa2e44bb10dd5638bf6028984508415cfd4aa25dfed7f002d01e42d8df
generated: "2024-01-17T12:33:37.282324+05:30"
