dependencies:
- name: audit-service
  repository: file://audit-service
  version: 0.1.0
- name: egov-localization
  repository: file://egov-localization
  version: 0.1.0
- name: egov-telemetry-kafka-streams
  repository: file://egov-telemetry-kafka-streams
  version: 0.1.0
- name: nlp-engine
  repository: file://nlp-engine
  version: 0.1.0
- name: chatbot
  repository: file://chatbot
  version: 0.1.0
- name: egov-location
  repository: file://egov-location
  version: 0.1.0
- name: egov-url-shortening
  repository: file://egov-url-shortening
  version: 0.1.0
- name: pdf-service
  repository: file://pdf-service
  version: 0.1.0
- name: egov-accesscontrol
  repository: file://egov-accesscontrol
  version: 0.1.0
- name: egov-mdms-service
  repository: file://egov-mdms-service
  version: 0.1.0
- name: egov-notification-mail
  repository: file://egov-notification-mail
  version: 0.1.0
- name: egov-user
  repository: file://egov-user
  version: 0.1.0
- name: report
  repository: file://report
  version: 0.1.0
- name: egov-common-masters
  repository: file://egov-common-masters
  version: 0.1.0
- name: egov-notification-sms
  repository: file://egov-notification-sms
  version: 0.1.0
- name: egov-workflow
  repository: file://egov-workflow
  version: 0.1.0
- name: telemetry
  repository: file://telemetry
  version: 0.1.0
- name: egov-document-uploader
  repository: file://egov-document-uploader
  version: 0.1.0
- name: egov-otp
  repository: file://egov-otp
  version: 0.1.0
- name: egov-workflow-v2
  repository: file://egov-workflow-v2
  version: 0.1.0
- name: internal-gateway
  repository: file://internal-gateway
  version: 0.1.0
- name: xstate-chatbot
  repository: file://xstate-chatbot
  version: 0.1.0
- name: xstate-webchat
  repository: file://xstate-webchat
  version: 0.1.0
- name: user-otp
  repository: file://user-otp
  version: 0.1.0
- name: egov-filestore
  repository: file://egov-filestore
  version: 0.1.0
- name: egov-persister
  repository: file://egov-persister
  version: 0.1.0
- name: egov-pg-service
  repository: file://egov-pg-service
  version: 0.1.0
- name: mailbot
  repository: file://mailbot
  version: 0.1.0
- name: mdms-v2
  repository: file://mdms-v2
  version: 0.1.0
- name: national-dashboard-ingest
  repository: file://national-dashboard-ingest
  version: 0.1.0
- name: national-dashboard-kafka-pipeline
  repository: file://national-dashboard-kafka-pipeline
  version: 0.1.0
- name: egov-index-custom-consumer
  repository: file://egov-index-custom-consumer
  version: 0.1.0
- name: egov-indexer
  repository: file://egov-indexer
  version: 0.1.0
- name: egov-survey-services
  repository: file://egov-survey-services
  version: 0.1.0
- name: egov-searcher
  repository: file://egov-searcher
  version: 0.1.0
- name: service-request
  repository: file://service-request
  version: 0.1.0
- name: egov-idgen
  repository: file://egov-idgen
  version: 0.1.0
- name: egov-enc-service
  repository: file://egov-enc-service
  version: 0.1.0
- name: egov-pdf
  repository: file://egov-pdf
  version: 0.1.0
- name: zuul
  repository: file://zuul
  version: 0.1.0
- name: egov-data-uploader
  repository: file://egov-data-uploader
  version: 0.1.0
- name: common
  repository: file://../common
  version: 0.0.5
digest: sha256:f3da36ee3fa0925b09ce7a5896d0abf732d255eabf27b6d6bffb97c0080b0ada
generated: "2024-01-13T00:35:45.863521+05:30"
